// !$*UTF8*$!
{
	archiveVersion = 1;
	classes = {
	};
	objectVersion = 56;
	objects = {

/* Begin PBXBuildFile section */
		11E5CFC728F3250B00B197AE /* _07_DynamicIslandLoaderApp.swift in Sources */ = {isa = PBXBuildFile; fileRef = 11E5CFC628F3250B00B197AE /* _07_DynamicIslandLoaderApp.swift */; };
		11E5CFC928F3250B00B197AE /* ContentView.swift in Sources */ = {isa = PBXBuildFile; fileRef = 11E5CFC828F3250B00B197AE /* ContentView.swift */; };
		11E5CFCB28F3250D00B197AE /* Assets.xcassets in Resources */ = {isa = PBXBuildFile; fileRef = 11E5CFCA28F3250D00B197AE /* Assets.xcassets */; };
		11E5CFCE28F3250D00B197AE /* Preview Assets.xcassets in Resources */ = {isa = PBXBuildFile; fileRef = 11E5CFCD28F3250D00B197AE /* Preview Assets.xcassets */; };
		11E5CFD628F3252500B197AE /* Home.swift in Sources */ = {isa = PBXBuildFile; fileRef = 11E5CFD528F3252500B197AE /* Home.swift */; };
		11E5CFD928F329C600B197AE /* ProgressConfig.swift in Sources */ = {isa = PBXBuildFile; fileRef = 11E5CFD828F329C600B197AE /* ProgressConfig.swift */; };
/* End PBXBuildFile section */

/* Begin PBXFileReference section */
		11E5CFC328F3250B00B197AE /* 007_DynamicIslandLoader.app */ = {isa = PBXFileReference; explicitFileType = wrapper.application; includeInIndex = 0; path = 007_DynamicIslandLoader.app; sourceTree = BUILT_PRODUCTS_DIR; };
		11E5CFC628F3250B00B197AE /* _07_DynamicIslandLoaderApp.swift */ = {isa = PBXFileReference; lastKnownFileType = sourcecode.swift; path = _07_DynamicIslandLoaderApp.swift; sourceTree = "<group>"; };
		11E5CFC828F3250B00B197AE /* ContentView.swift */ = {isa = PBXFileReference; lastKnownFileType = sourcecode.swift; path = ContentView.swift; sourceTree = "<group>"; };
		11E5CFCA28F3250D00B197AE /* Assets.xcassets */ = {isa = PBXFileReference; lastKnownFileType = folder.assetcatalog; path = Assets.xcassets; sourceTree = "<group>"; };
		11E5CFCD28F3250D00B197AE /* Preview Assets.xcassets */ = {isa = PBXFileReference; lastKnownFileType = folder.assetcatalog; path = "Preview Assets.xcassets"; sourceTree = "<group>"; };
		11E5CFD528F3252500B197AE /* Home.swift */ = {isa = PBXFileReference; lastKnownFileType = sourcecode.swift; path = Home.swift; sourceTree = "<group>"; };
		11E5CFD828F329C600B197AE /* ProgressConfig.swift */ = {isa = PBXFileReference; lastKnownFileType = sourcecode.swift; path = ProgressConfig.swift; sourceTree = "<group>"; };
/* End PBXFileReference section */

/* Begin PBXFrameworksBuildPhase section */
		11E5CFC028F3250B00B197AE /* Frameworks */ = {
			isa = PBXFrameworksBuildPhase;
			buildActionMask = 2147483647;
			files = (
			);
			runOnlyForDeploymentPostprocessing = 0;
		};
/* End PBXFrameworksBuildPhase section */

/* Begin PBXGroup section */
		11E5CFBA28F3250B00B197AE = {
			isa = PBXGroup;
			children = (
				11E5CFC528F3250B00B197AE /* 007_DynamicIslandLoader */,
				11E5CFC428F3250B00B197AE /* Products */,
			);
			sourceTree = "<group>";
		};
		11E5CFC428F3250B00B197AE /* Products */ = {
			isa = PBXGroup;
			children = (
				11E5CFC328F3250B00B197AE /* 007_DynamicIslandLoader.app */,
			);
			name = Products;
			sourceTree = "<group>";
		};
		11E5CFC528F3250B00B197AE /* 007_DynamicIslandLoader */ = {
			isa = PBXGroup;
			children = (
				11E5CFD728F329BB00B197AE /* Model */,
				11E5CFD428F3251C00B197AE /* View */,
				11E5CFC628F3250B00B197AE /* _07_DynamicIslandLoaderApp.swift */,
				11E5CFC828F3250B00B197AE /* ContentView.swift */,
				11E5CFCA28F3250D00B197AE /* Assets.xcassets */,
				11E5CFCC28F3250D00B197AE /* Preview Content */,
			);
			path = 007_DynamicIslandLoader;
			sourceTree = "<group>";
		};
		11E5CFCC28F3250D00B197AE /* Preview Content */ = {
			isa = PBXGroup;
			children = (
				11E5CFCD28F3250D00B197AE /* Preview Assets.xcassets */,
			);
			path = "Preview Content";
			sourceTree = "<group>";
		};
		11E5CFD428F3251C00B197AE /* View */ = {
			isa = PBXGroup;
			children = (
				11E5CFD528F3252500B197AE /* Home.swift */,
			);
			path = View;
			sourceTree = "<group>";
		};
		11E5CFD728F329BB00B197AE /* Model */ = {
			isa = PBXGroup;
			children = (
				11E5CFD828F329C600B197AE /* ProgressConfig.swift */,
			);
			path = Model;
			sourceTree = "<group>";
		};
/* End PBXGroup section */

/* Begin PBXNativeTarget section */
		11E5CFC228F3250B00B197AE /* 007_DynamicIslandLoader */ = {
			isa = PBXNativeTarget;
			buildConfigurationList = 11E5CFD128F3250D00B197AE /* Build configuration list for PBXNativeTarget "007_DynamicIslandLoader" */;
			buildPhases = (
				11E5CFBF28F3250B00B197AE /* Sources */,
				11E5CFC028F3250B00B197AE /* Frameworks */,
				11E5CFC128F3250B00B197AE /* Resources */,
			);
			buildRules = (
			);
			dependencies = (
			);
			name = 007_DynamicIslandLoader;
			productName = 007_DynamicIslandLoader;
			productReference = 11E5CFC328F3250B00B197AE /* 007_DynamicIslandLoader.app */;
			productType = "com.apple.product-type.application";
		};
/* End PBXNativeTarget section */

/* Begin PBXProject section */
		11E5CFBB28F3250B00B197AE /* Project object */ = {
			isa = PBXProject;
			attributes = {
				BuildIndependentTargetsInParallel = 1;
				LastSwiftUpdateCheck = 1400;
				LastUpgradeCheck = 1400;
				TargetAttributes = {
					11E5CFC228F3250B00B197AE = {
						CreatedOnToolsVersion = 14.0.1;
					};
				};
			};
			buildConfigurationList = 11E5CFBE28F3250B00B197AE /* Build configuration list for PBXProject "007_DynamicIslandLoader" */;
			compatibilityVersion = "Xcode 14.0";
			developmentRegion = en;
			hasScannedForEncodings = 0;
			knownRegions = (
				en,
				Base,
			);
			mainGroup = 11E5CFBA28F3250B00B197AE;
			productRefGroup = 11E5CFC428F3250B00B197AE /* Products */;
			projectDirPath = "";
			projectRoot = "";
			targets = (
				11E5CFC228F3250B00B197AE /* 007_DynamicIslandLoader */,
			);
		};
/* End PBXProject section */

/* Begin PBXResourcesBuildPhase section */
		11E5CFC128F3250B00B197AE /* Resources */ = {
			isa = PBXResourcesBuildPhase;
			buildActionMask = 2147483647;
			files = (
				11E5CFCE28F3250D00B197AE /* Preview Assets.xcassets in Resources */,
				11E5CFCB28F3250D00B197AE /* Assets.xcassets in Resources */,
			);
			runOnlyForDeploymentPostprocessing = 0;
		};
/* End PBXResourcesBuildPhase section */

/* Begin PBXSourcesBuildPhase section */
		11E5CFBF28F3250B00B197AE /* Sources */ = {
			isa = PBXSourcesBuildPhase;
			buildActionMask = 2147483647;
			files = (
				11E5CFC928F3250B00B197AE /* ContentView.swift in Sources */,
				11E5CFD628F3252500B197AE /* Home.swift in Sources */,
				11E5CFD928F329C600B197AE /* ProgressConfig.swift in Sources */,
				11E5CFC728F3250B00B197AE /* _07_DynamicIslandLoaderApp.swift in Sources */,
			);
			runOnlyForDeploymentPostprocessing = 0;
		};
/* End PBXSourcesBuildPhase section */

/* Begin XCBuildConfiguration section */
		11E5CFCF28F3250D00B197AE /* Debug */ = {
			isa = XCBuildConfiguration;
			buildSettings = {
				ALWAYS_SEARCH_USER_PATHS = NO;
				CLANG_ANALYZER_NONNULL = YES;
				CLANG_ANALYZER_NUMBER_OBJECT_CONVERSION = YES_AGGRESSIVE;
				CLANG_CXX_LANGUAGE_STANDARD = "gnu++20";
				CLANG_ENABLE_MODULES = YES;
				CLANG_ENABLE_OBJC_ARC = YES;
				CLANG_ENABLE_OBJC_WEAK = YES;
				CLANG_WARN_BLOCK_CAPTURE_AUTORELEASING = YES;
				CLANG_WARN_BOOL_CONVERSION = YES;
				CLANG_WARN_COMMA = YES;
				CLANG_WARN_CONSTANT_CONVERSION = YES;
				CLANG_WARN_DEPRECATED_OBJC_IMPLEMENTATIONS = YES;
				CLANG_WARN_DIRECT_OBJC_ISA_USAGE = YES_ERROR;
				CLANG_WARN_DOCUMENTATION_COMMENTS = YES;
				CLANG_WARN_EMPTY_BODY = YES;
				CLANG_WARN_ENUM_CONVERSION = YES;
				CLANG_WARN_INFINITE_RECURSION = YES;
				CLANG_WARN_INT_CONVERSION = YES;
				CLANG_WARN_NON_LITERAL_NULL_CONVERSION = YES;
				CLANG_WARN_OBJC_IMPLICIT_RETAIN_SELF = YES;
				CLANG_WARN_OBJC_LITERAL_CONVERSION = YES;
				CLANG_WARN_OBJC_ROOT_CLASS = YES_ERROR;
				CLANG_WARN_QUOTED_INCLUDE_IN_FRAMEWORK_HEADER = YES;
				CLANG_WARN_RANGE_LOOP_ANALYSIS = YES;
				CLANG_WARN_STRICT_PROTOTYPES = YES;
				CLANG_WARN_SUSPICIOUS_MOVE = YES;
				CLANG_WARN_UNGUARDED_AVAILABILITY = YES_AGGRESSIVE;
				CLANG_WARN_UNREACHABLE_CODE = YES;
				CLANG_WARN__DUPLICATE_METHOD_MATCH = YES;
				COPY_PHASE_STRIP = NO;
				DEBUG_INFORMATION_FORMAT = dwarf;
				ENABLE_STRICT_OBJC_MSGSEND = YES;
				ENABLE_TESTABILITY = YES;
				GCC_C_LANGUAGE_STANDARD = gnu11;
				GCC_DYNAMIC_NO_PIC = NO;
				GCC_NO_COMMON_BLOCKS = YES;
				GCC_OPTIMIZATION_LEVEL = 0;
				GCC_PREPROCESSOR_DEFINITIONS = (
					"DEBUG=1",
					"$(inherited)",
				);
				GCC_WARN_64_TO_32_BIT_CONVERSION = YES;
				GCC_WARN_ABOUT_RETURN_TYPE = YES_ERROR;
				GCC_WARN_UNDECLARED_SELECTOR = YES;
				GCC_WARN_UNINITIALIZED_AUTOS = YES_AGGRESSIVE;
				GCC_WARN_UNUSED_FUNCTION = YES;
				GCC_WARN_UNUSED_VARIABLE = YES;
				IPHONEOS_DEPLOYMENT_TARGET = 16.0;
				MTL_ENABLE_DEBUG_INFO = INCLUDE_SOURCE;
				MTL_FAST_MATH = YES;
				ONLY_ACTIVE_ARCH = YES;
				SDKROOT = iphoneos;
				SWIFT_ACTIVE_COMPILATION_CONDITIONS = DEBUG;
				SWIFT_OPTIMIZATION_LEVEL = "-Onone";
			};
			name = Debug;
		};
		11E5CFD028F3250D00B197AE /* Release */ = {
			isa = XCBuildConfiguration;
			buildSettings = {
				ALWAYS_SEARCH_USER_PATHS = NO;
				CLANG_ANALYZER_NONNULL = YES;
				CLANG_ANALYZER_NUMBER_OBJECT_CONVERSION = YES_AGGRESSIVE;
				CLANG_CXX_LANGUAGE_STANDARD = "gnu++20";
				CLANG_ENABLE_MODULES = YES;
				CLANG_ENABLE_OBJC_ARC = YES;
				CLANG_ENABLE_OBJC_WEAK = YES;
				CLANG_WARN_BLOCK_CAPTURE_AUTORELEASING = YES;
				CLANG_WARN_BOOL_CONVERSION = YES;
				CLANG_WARN_COMMA = YES;
				CLANG_WARN_CONSTANT_CONVERSION = YES;
				CLANG_WARN_DEPRECATED_OBJC_IMPLEMENTATIONS = YES;
				CLANG_WARN_DIRECT_OBJC_ISA_USAGE = YES_ERROR;
				CLANG_WARN_DOCUMENTATION_COMMENTS = YES;
				CLANG_WARN_EMPTY_BODY = YES;
				CLANG_WARN_ENUM_CONVERSION = YES;
				CLANG_WARN_INFINITE_RECURSION = YES;
				CLANG_WARN_INT_CONVERSION = YES;
				CLANG_WARN_NON_LITERAL_NULL_CONVERSION = YES;
				CLANG_WARN_OBJC_IMPLICIT_RETAIN_SELF = YES;
				CLANG_WARN_OBJC_LITERAL_CONVERSION = YES;
				CLANG_WARN_OBJC_ROOT_CLASS = YES_ERROR;
				CLANG_WARN_QUOTED_INCLUDE_IN_FRAMEWORK_HEADER = YES;
				CLANG_WARN_RANGE_LOOP_ANALYSIS = YES;
				CLANG_WARN_STRICT_PROTOTYPES = YES;
				CLANG_WARN_SUSPICIOUS_MOVE = YES;
				CLANG_WARN_UNGUARDED_AVAILABILITY = YES_AGGRESSIVE;
				CLANG_WARN_UNREACHABLE_CODE = YES;
				CLANG_WARN__DUPLICATE_METHOD_MATCH = YES;
				COPY_PHASE_STRIP = NO;
				DEBUG_INFORMATION_FORMAT = "dwarf-with-dsym";
				ENABLE_NS_ASSERTIONS = NO;
				ENABLE_STRICT_OBJC_MSGSEND = YES;
				GCC_C_LANGUAGE_STANDARD = gnu11;
				GCC_NO_COMMON_BLOCKS = YES;
				GCC_WARN_64_TO_32_BIT_CONVERSION = YES;
				GCC_WARN_ABOUT_RETURN_TYPE = YES_ERROR;
				GCC_WARN_UNDECLARED_SELECTOR = YES;
				GCC_WARN_UNINITIALIZED_AUTOS = YES_AGGRESSIVE;
				GCC_WARN_UNUSED_FUNCTION = YES;
				GCC_WARN_UNUSED_VARIABLE = YES;
				IPHONEOS_DEPLOYMENT_TARGET = 16.0;
				MTL_ENABLE_DEBUG_INFO = NO;
				MTL_FAST_MATH = YES;
				SDKROOT = iphoneos;
				SWIFT_COMPILATION_MODE = wholemodule;
				SWIFT_OPTIMIZATION_LEVEL = "-O";
				VALIDATE_PRODUCT = YES;
			};
			name = Release;
		};
		11E5CFD228F3250D00B197AE /* Debug */ = {
			isa = XCBuildConfiguration;
			buildSettings = {
				ASSETCATALOG_COMPILER_APPICON_NAME = AppIcon;
				ASSETCATALOG_COMPILER_GLOBAL_ACCENT_COLOR_NAME = AccentColor;
				CODE_SIGN_STYLE = Automatic;
				CURRENT_PROJECT_VERSION = 1;
				DEVELOPMENT_ASSET_PATHS = "\"007_DynamicIslandLoader/Preview Content\"";
				DEVELOPMENT_TEAM = 874QFG5XXD;
				ENABLE_PREVIEWS = YES;
				GENERATE_INFOPLIST_FILE = YES;
				INFOPLIST_KEY_UIApplicationSceneManifest_Generation = YES;
				INFOPLIST_KEY_UIApplicationSupportsIndirectInputEvents = YES;
				INFOPLIST_KEY_UILaunchScreen_Generation = YES;
				INFOPLIST_KEY_UISupportedInterfaceOrientations_iPad = "UIInterfaceOrientationPortrait UIInterfaceOrientationPortraitUpsideDown UIInterfaceOrientationLandscapeLeft UIInterfaceOrientationLandscapeRight";
				INFOPLIST_KEY_UISupportedInterfaceOrientations_iPhone = "UIInterfaceOrientationPortrait UIInterfaceOrientationLandscapeLeft UIInterfaceOrientationLandscapeRight";
				LD_RUNPATH_SEARCH_PATHS = (
					"$(inherited)",
					"@executable_path/Frameworks",
				);
				MARKETING_VERSION = 1.0;
				PRODUCT_BUNDLE_IDENTIFIER = "ua.smr.-07-DynamicIslandLoader";
				PRODUCT_NAME = "$(TARGET_NAME)";
				SWIFT_EMIT_LOC_STRINGS = YES;
				SWIFT_VERSION = 5.0;
				TARGETED_DEVICE_FAMILY = "1,2";
			};
			name = Debug;
		};
		11E5CFD328F3250D00B197AE /* Release */ = {
			isa = XCBuildConfiguration;
			buildSettings = {
				ASSETCATALOG_COMPILER_APPICON_NAME = AppIcon;
				ASSETCATALOG_COMPILER_GLOBAL_ACCENT_COLOR_NAME = AccentColor;
				CODE_SIGN_STYLE = Automatic;
				CURRENT_PROJECT_VERSION = 1;
				DEVELOPMENT_ASSET_PATHS = "\"007_DynamicIslandLoader/Preview Content\"";
				DEVELOPMENT_TEAM = 874QFG5XXD;
				ENABLE_PREVIEWS = YES;
				GENERATE_INFOPLIST_FILE = YES;
				INFOPLIST_KEY_UIApplicationSceneManifest_Generation = YES;
				INFOPLIST_KEY_UIApplicationSupportsIndirectInputEvents = YES;
				INFOPLIST_KEY_UILaunchScreen_Generation = YES;
				INFOPLIST_KEY_UISupportedInterfaceOrientations_iPad = "UIInterfaceOrientationPortrait UIInterfaceOrientationPortraitUpsideDown UIInterfaceOrientationLandscapeLeft UIInterfaceOrientationLandscapeRight";
				INFOPLIST_KEY_UISupportedInterfaceOrientations_iPhone = "UIInterfaceOrientationPortrait UIInterfaceOrientationLandscapeLeft UIInterfaceOrientationLandscapeRight";
				LD_RUNPATH_SEARCH_PATHS = (
					"$(inherited)",
					"@executable_path/Frameworks",
				);
				MARKETING_VERSION = 1.0;
				PRODUCT_BUNDLE_IDENTIFIER = "ua.smr.-07-DynamicIslandLoader";
				PRODUCT_NAME = "$(TARGET_NAME)";
				SWIFT_EMIT_LOC_STRINGS = YES;
				SWIFT_VERSION = 5.0;
				TARGETED_DEVICE_FAMILY = "1,2";
			};
			name = Release;
		};
/* End XCBuildConfiguration section */

/* Begin XCConfigurationList section */
		11E5CFBE28F3250B00B197AE /* Build configuration list for PBXProject "007_DynamicIslandLoader" */ = {
			isa = XCConfigurationList;
			buildConfigurations = (
				11E5CFCF28F3250D00B197AE /* Debug */,
				11E5CFD028F3250D00B197AE /* Release */,
			);
			defaultConfigurationIsVisible = 0;
			defaultConfigurationName = Release;
		};
		11E5CFD128F3250D00B197AE /* Build configuration list for PBXNativeTarget "007_DynamicIslandLoader" */ = {
			isa = XCConfigurationList;
			buildConfigurations = (
				11E5CFD228F3250D00B197AE /* Debug */,
				11E5CFD328F3250D00B197AE /* Release */,
			);
			defaultConfigurationIsVisible = 0;
			defaultConfigurationName = Release;
		};
/* End XCConfigurationList section */
	};
	rootObject = 11E5CFBB28F3250B00B197AE /* Project object */;
}
